{
  "name": "private",
  "lockfileVersion": 3,
  "requires": true,
  "packages": {
    "": {
      "dependencies": {
        "@types/jsdom": "^20.0.1"
      },
      "devDependencies": {
        "@types/node": "^18.11.9",
        "typescript": "^4.9.3"
      }
    },
    "node_modules/@types/jsdom": {
      "version": "20.0.1",
      "resolved": "https://registry.npmjs.org/@types/jsdom/-/jsdom-20.0.1.tgz",
      "integrity": "sha512-d0r18sZPmMQr1eG35u12FZfhIXNrnsPU/g5wvRKCUf/tOGilKKwYMYGqh33BNR6ba+2gkHw1EUiHoN3mn7E5IQ==",
      "dependencies": {
        "@types/node": "*",
        "@types/tough-cookie": "*",
        "parse5": "^7.0.0"
      }
    },
    "node_modules/@types/node": {
      "version": "18.11.9",
      "resolved": "https://registry.npmjs.org/@types/node/-/node-18.11.9.tgz",
      "integrity": "sha512-CRpX21/kGdzjOpFsZSkcrXMGIBWMGNIHXXBVFSH+ggkftxg+XYP20TESbh+zFvFj3EQOl5byk0HTRn1IL6hbqg=="
    },
    "node_modules/@types/tough-cookie": {
      "version": "4.0.2",
      "resolved": "https://registry.npmjs.org/@types/tough-cookie/-/tough-cookie-4.0.2.tgz",
      "integrity": "sha512-Q5vtl1W5ue16D+nIaW8JWebSSraJVlK+EthKn7e7UcD4KWsaSJ8BqGPXNaPghgtcn/fhvrN17Tv8ksUsQpiplw=="
    },
    "node_modules/entities": {
      "version": "4.4.0",
      "resolved": "https://registry.npmjs.org/entities/-/entities-4.4.0.tgz",
      "integrity": "sha512-oYp7156SP8LkeGD0GF85ad1X9Ai79WtRsZ2gxJqtBuzH+98YUV6jkHEKlZkMbcrjJjIVJNIDP/3WL9wQkoPbWA==",
      "engines": {
        "node": ">=0.12"
      },
      "funding": {
        "url": "https://github.com/fb55/entities?sponsor=1"
      }
    },
    "node_modules/parse5": {
      "version": "7.1.2",
      "resolved": "https://registry.npmjs.org/parse5/-/parse5-7.1.2.tgz",
      "integrity": "sha512-Czj1WaSVpaoj0wbhMzLmWD69anp2WH7FXMB9n1Sy8/ZFF9jolSQVMu1Ij5WIyGmcBmhk7EOndpO4mIpihVqAXw==",
      "dependencies": {
        "entities": "^4.4.0"
      },
      "funding": {
        "url": "https://github.com/inikulin/parse5?sponsor=1"
      }
    },
    "node_modules/typescript": {
      "version": "4.9.3",
      "resolved": "https://registry.npmjs.org/typescript/-/typescript-4.9.3.tgz",
      "integrity": "sha512-CIfGzTelbKNEnLpLdGFgdyKhG23CKdKgQPOBc+OUNrkJ2vr+KSzsSV5kq5iWhEQbok+quxgGzrAtGWCyU7tHnA==",
      "dev": true,
      "bin": {
        "tsc": "bin/tsc",
        "tsserver": "bin/tsserver"
      },
      "engines": {
        "node": ">=4.2.0"
      }
    }
  }
}
